
Microsoft Visual Studio Solution File, Format Version 12.00
# Visual Studio 15
VisualStudioVersion = 15.0.26730.16
MinimumVisualStudioVersion = 10.0.40219.1
Project("{FAE04EC0-301F-11D3-BF4B-00C04F79EFBC}") = "IPO-Assets", "IPO-Assets\IPO-Assets.csproj", "{245C033F-A7DC-4FA7-B56A-475F0B5C563E}"
EndProject
Global
	GlobalSection(SolutionConfigurationPlatforms) = preSolution
		Debug|Any CPU = Debug|Any CPU
		Release|Any CPU = Release|Any CPU
	EndGlobalSection
	GlobalSection(ProjectConfigurationPlatforms) = postSolution
		{245C033F-A7DC-4FA7-B56A-475F0B5C563E}.Debug|Any CPU.ActiveCfg = Debug|Any CPU
		{245C033F-A7DC-4FA7-B56A-475F0B5C563E}.Debug|Any CPU.Build.0 = Debug|Any CPU
		{245C033F-A7DC-4FA7-B56A-475F0B5C563E}.Release|Any CPU.ActiveCfg = Release|Any CPU
		{245C033F-A7DC-4FA7-B56A-475F0B5C563E}.Release|Any CPU.Build.0 = Release|Any CPU
	EndGlobalSection
	GlobalSection(SolutionProperties) = preSolution
		HideSolutionNode = FALSE
	EndGlobalSection
	GlobalSection(ExtensibilityGlobals) = postSolution
		SolutionGuid = {5DFAAD7A-8360-4F05-A772-2879A0908460}
	EndGlobalSection
EndGlobal
